github.com/golang/example v0.0.0-20170904185048-46695d81d1fa h1:iqCQC2Z53KkwGgTN9szyL4q0OQHmuNjeoNnMT6lk66k=
github.com/golang/example v0.0.0-20170904185048-46695d81d1fa/go.mod h1:tO/5UvQ/uKigUjQBPqzstj6uxd3fUIjddi19DxGJeWg=
github.com/mailru/easyjson v0.0.0-20180823135443-60711f1a8329 h1:2gxZ0XQIU/5z3Z3bUBu+FXuk2pFbkN6tcwi/pjyaDic=
github.com/mailru/easyjson v0.0.0-20180823135443-60711f1a8329/go.mod h1:C1wdFJiN94OJF2b5HbByQZoLdCWB1Yqtg26g4irojpc=
github.com/olivere/elastic v6.2.14+incompatible h1:k+KadwNP/dkXE0/eu+T6otk1+5fe0tEpPyQJ4XVm5i8=
github.com/olivere/elastic v6.2.14+incompatible/go.mod h1:J+q1zQJTgAz9woqsbVRqGeB5G1iqDKVBWLNSYW8yfJ8=
github.com/pkg/errors v0.8.0 h1:WdK/asTD0HN+q6hsWO3/vpuAkAr+tw6aNJNDFFf0+qw=
github.com/pkg/errors v0.8.0/go.mod h1:bwawxfHBFNV+L2hUp1rHADufV3IMtnDRdf1r5NINEl0=
golang.org/x/net v0.0.0-20181207154023-610586996380 h1:zPQexyRtNYBc7bcHmehl1dH6TB3qn8zytv8cBGLDNY0=
golang.org/x/net v0.0.0-20181207154023-610586996380/go.mod h1:mL1N/T3taQHkDXs73rZJwtUhF3w3ftmwwsq0BUmARs4=
golang.org/x/net v0.0.0-20181220203305-927f97764cc3/go.mod h1:mL1N/T3taQHkDXs73rZJwtUhF3w3ftmwwsq0BUmARs4=
golang.org/x/text v0.3.0 h1:g61tztE5qeGQ89tm6NTjjM9VPIm088od1l6aSorWRWg=
golang.org/x/text v0.3.0/go.mod h1:NqM8EUOU14njkJ3fqMW+pc6Ldnwhi/IjpwHt7yyuwOQ=
